
Microsoft Visual Studio Solution File, Format Version 12.00
# Visual Studio Version 16
VisualStudioVersion = 16.0.32802.440
MinimumVisualStudioVersion = 10.0.40219.1
Project("{FAE04EC0-301F-11D3-BF4B-00C04F79EFBC}") = "Bloknot", "Bloknot\Bloknot.csproj", "{023A22AC-1001-47DB-B97C-6506D1F661AF}"
EndProject
Global
	GlobalSection(SolutionConfigurationPlatforms) = preSolution
		Debug|Any CPU = Debug|Any CPU
		Release|Any CPU = Release|Any CPU
	EndGlobalSection
	GlobalSection(ProjectConfigurationPlatforms) = postSolution
		{023A22AC-1001-47DB-B97C-6506D1F661AF}.Debug|Any CPU.ActiveCfg = Debug|Any CPU
		{023A22AC-1001-47DB-B97C-6506D1F661AF}.Debug|Any CPU.Build.0 = Debug|Any CPU
		{023A22AC-1001-47DB-B97C-6506D1F661AF}.Release|Any CPU.ActiveCfg = Release|Any CPU
		{023A22AC-1001-47DB-B97C-6506D1F661AF}.Release|Any CPU.Build.0 = Release|Any CPU
	EndGlobalSection
	GlobalSection(SolutionProperties) = preSolution
		HideSolutionNode = FALSE
	EndGlobalSection
	GlobalSection(ExtensibilityGlobals) = postSolution
		SolutionGuid = {DC8978BD-FF31-4A76-B723-C2B5A14F8163}
	EndGlobalSection
EndGlobal
